PODS:
  - FreshchatSDK (1.5.0)
  - GoogleMaps (2.7.0):
    - GoogleMaps/Maps (= 2.7.0)
  - GoogleMaps/Base (2.7.0)
  - GoogleMaps/Maps (2.7.0):
    - GoogleMaps/Base

DEPENDENCIES:
  - FreshchatSDK
  - GoogleMaps

SPEC REPOS:
  https://github.com/cocoapods/specs.git:
    - FreshchatSDK
    - GoogleMaps

SPEC CHECKSUMS:
  FreshchatSDK: f6d99c390123b5417178ad8bf2a225e8b6454166
  GoogleMaps: f79af95cb24d869457b1f961c93d3ce8b2f3b848

PODFILE CHECKSUM: 678b9215304c8eaf6c6e87eb59b2ef4eb93e6722

COCOAPODS: 1.5.3
